Microsoft Visual Studio Solution File, Format Version 12.00
# Visual Studio Version 16
VisualStudioVersion = 16.0.29926.136
MinimumVisualStudioVersion = 10.0.40219.1
Project("{8BC9CEB8-8B4A-11D0-8D11-00A0C91BC942}") = "tuio3d", "tuio3d.vcxproj", "{3BB2675F-F573-48C7-A133-F5D0D550917E}"
EndProject
Project("{8BC9CEB8-8B4A-11D0-8D11-00A0C91BC942}") = "morph", "morph.vcxproj", "{7B8E0BFF-6B1F-4C1C-987D-1E1F91DF3215}"
	ProjectSection(ProjectDependencies) = postProject
		{3BB2675F-F573-48C7-A133-F5D0D550917E} = {3BB2675F-F573-48C7-A133-F5D0D550917E}
	EndProjectSection
EndProject
Global
	GlobalSection(SolutionConfigurationPlatforms) = preSolution
		Debug|ARM = Debug|ARM
		Debug|Win32 = Debug|Win32
		Debug|x64 = Debug|x64
		Release|ARM = Release|ARM
		Release|Win32 = Release|Win32
		Release|x64 = Release|x64
	EndGlobalSection
	GlobalSection(ProjectConfigurationPlatforms) = postSolution
		{3BB2675F-F573-48C7-A133-F5D0D550917E}.Debug|ARM.ActiveCfg = Debug|Win32
		{3BB2675F-F573-48C7-A133-F5D0D550917E}.Debug|Win32.ActiveCfg = Debug|Win32
		{3BB2675F-F573-48C7-A133-F5D0D550917E}.Debug|Win32.Build.0 = Debug|Win32
		{3BB2675F-F573-48C7-A133-F5D0D550917E}.Debug|x64.ActiveCfg = Debug|x64
		{3BB2675F-F573-48C7-A133-F5D0D550917E}.Debug|x64.Build.0 = Debug|x64
		{3BB2675F-F573-48C7-A133-F5D0D550917E}.Release|ARM.ActiveCfg = Release|Win32
		{3BB2675F-F573-48C7-A133-F5D0D550917E}.Release|Win32.ActiveCfg = Release|Win32
		{3BB2675F-F573-48C7-A133-F5D0D550917E}.Release|Win32.Build.0 = Release|Win32
		{3BB2675F-F573-48C7-A133-F5D0D550917E}.Release|x64.ActiveCfg = Release|x64
		{3BB2675F-F573-48C7-A133-F5D0D550917E}.Release|x64.Build.0 = Release|x64
		{7B8E0BFF-6B1F-4C1C-987D-1E1F91DF3215}.Debug|ARM.ActiveCfg = Debug|Win32
		{7B8E0BFF-6B1F-4C1C-987D-1E1F91DF3215}.Debug|Win32.ActiveCfg = Debug|Win32
		{7B8E0BFF-6B1F-4C1C-987D-1E1F91DF3215}.Debug|Win32.Build.0 = Debug|Win32
		{7B8E0BFF-6B1F-4C1C-987D-1E1F91DF3215}.Debug|x64.ActiveCfg = Debug|x64
		{7B8E0BFF-6B1F-4C1C-987D-1E1F91DF3215}.Debug|x64.Build.0 = Debug|x64
		{7B8E0BFF-6B1F-4C1C-987D-1E1F91DF3215}.Release|ARM.ActiveCfg = Release|Win32
		{7B8E0BFF-6B1F-4C1C-987D-1E1F91DF3215}.Release|Win32.ActiveCfg = Release|Win32
		{7B8E0BFF-6B1F-4C1C-987D-1E1F91DF3215}.Release|Win32.Build.0 = Release|Win32
		{7B8E0BFF-6B1F-4C1C-987D-1E1F91DF3215}.Release|x64.ActiveCfg = Release|x64
		{7B8E0BFF-6B1F-4C1C-987D-1E1F91DF3215}.Release|x64.Build.0 = Release|x64
	EndGlobalSection
	GlobalSection(SolutionProperties) = preSolution
		HideSolutionNode = FALSE
	EndGlobalSection
	GlobalSection(ExtensibilityGlobals) = postSolution
		SolutionGuid = {78FBE342-F167-40E0-9B15-7CE0EA7398F2}
	EndGlobalSection
EndGlobal
