<?xml version="1.0" encoding="utf-8"?>
<Project ToolsVersion="4.0" xmlns="http://schemas.microsoft.com/developer/msbuild/2003">
  <ItemGroup>
    <Filter Include="Source Files">
      <UniqueIdentifier>{4FC737F1-C7A5-4376-A066-2A32D752A2FF}</UniqueIdentifier>
      <Extensions>cpp;c;cxx;def;odl;idl;hpj;bat;asm;asmx</Extensions>
    </Filter>
    <Filter Include="Source Files\morph">
      <UniqueIdentifier>{42cd013e-e537-45c1-b267-adefdb761f7d}</UniqueIdentifier>
    </Filter>
  </ItemGroup>
  <ItemGroup>
    <ClCompile Include="..\src\morph\main.cpp">
      <Filter>Source Files\morph</Filter>
    </ClCompile>
    <ClCompile Include="..\src\morph\morph.cpp">
      <Filter>Source Files\morph</Filter>
    </ClCompile>
  </ItemGroup>
  <ItemGroup>
    <ClInclude Include="..\src\morph\morph.h">
      <Filter>Source Files\morph</Filter>
    </ClInclude>
  </ItemGroup>
</Project>