<?xml version="1.0" encoding="utf-8"?>
<Project ToolsVersion="4.0" xmlns="http://schemas.microsoft.com/developer/msbuild/2003">
  <ItemGroup>
    <Filter Include="Source Files">
      <UniqueIdentifier>{4FC737F1-C7A5-4376-A066-2A32D752A2FF}</UniqueIdentifier>
      <Extensions>cpp;c;cc;cxx;def;odl;idl;hpj;bat;asm;asmx</Extensions>
    </Filter>
    <Filter Include="Resource Files">
      <UniqueIdentifier>{67DA6AB6-F800-4c08-8B7A-83BB121AAD01}</UniqueIdentifier>
      <Extensions>rc;ico;cur;bmp;dlg;rc2;rct;bin;rgs;gif;jpg;jpeg;jpe;resx;tiff;tif;png;wav;mfcribbon-ms</Extensions>
    </Filter>
    <Filter Include="Source Files\misc">
      <UniqueIdentifier>{f3e94d4d-e2f9-4ddf-a373-dd8cbe91ffbe}</UniqueIdentifier>
    </Filter>
    <Filter Include="Source Files\TUIO">
      <UniqueIdentifier>{0b26b4ac-ba8b-488d-8b39-77a94e21b306}</UniqueIdentifier>
    </Filter>
    <Filter Include="Source Files\oscpack">
      <UniqueIdentifier>{80bb2f72-8da5-47f0-85a8-46396771a3c3}</UniqueIdentifier>
    </Filter>
  </ItemGroup>
  <ItemGroup>
    <ClCompile Include="..\src\misc\NosuchDebug.cpp">
      <Filter>Source Files\misc</Filter>
    </ClCompile>
    <ClCompile Include="..\src\misc\NosuchException.cpp">
      <Filter>Source Files\misc</Filter>
    </ClCompile>
    <ClCompile Include="..\src\misc\NosuchUtil.cpp">
      <Filter>Source Files\misc</Filter>
    </ClCompile>
    <ClCompile Include="..\src\misc\ptwinmm.c">
      <Filter>Source Files\misc</Filter>
    </ClCompile>
    <ClCompile Include="..\src\misc\XGetopt.cpp">
      <Filter>Source Files\misc</Filter>
    </ClCompile>
    <ClCompile Include="..\src\misc\mmtt_sharedmem.cpp">
      <Filter>Source Files\misc</Filter>
    </ClCompile>
    <ClCompile Include="..\src\oscpack\ip\win32\NetworkingUtils.cpp">
      <Filter>Source Files\oscpack</Filter>
    </ClCompile>
    <ClCompile Include="..\src\oscpack\ip\win32\UdpSocket.cpp">
      <Filter>Source Files\oscpack</Filter>
    </ClCompile>
    <ClCompile Include="..\src\oscpack\osc\OscOutboundPacketStream.cpp">
      <Filter>Source Files\oscpack</Filter>
    </ClCompile>
    <ClCompile Include="..\src\oscpack\osc\OscTypes.cpp">
      <Filter>Source Files\oscpack</Filter>
    </ClCompile>
    <ClCompile Include="..\src\tuio\TuioUdpServer.cpp">
      <Filter>Source Files\TUIO</Filter>
    </ClCompile>
    <ClCompile Include="..\src\tuio\TuioServer.cpp">
      <Filter>Source Files\TUIO</Filter>
    </ClCompile>
    <ClCompile Include="..\src\tuio\TuioSharedMemServer.cpp">
      <Filter>Source Files\TUIO</Filter>
    </ClCompile>
    <ClCompile Include="..\src\tuio\TuioTime.cpp">
      <Filter>Source Files\TUIO</Filter>
    </ClCompile>
  </ItemGroup>
  <ItemGroup>
    <ClInclude Include="..\src\misc\mmtt_sharedmem.h">
      <Filter>Source Files\misc</Filter>
    </ClInclude>
    <ClInclude Include="..\src\misc\NosuchDebug.h">
      <Filter>Source Files\misc</Filter>
    </ClInclude>
    <ClInclude Include="..\src\misc\NosuchException.h">
      <Filter>Source Files\misc</Filter>
    </ClInclude>
    <ClInclude Include="..\src\misc\NosuchUtil.h">
      <Filter>Source Files\misc</Filter>
    </ClInclude>
    <ClInclude Include="..\src\misc\porttime.h">
      <Filter>Source Files\misc</Filter>
    </ClInclude>
    <ClInclude Include="..\src\misc\xgetopt.h">
      <Filter>Source Files\misc</Filter>
    </ClInclude>
    <ClInclude Include="..\src\tuio\TuioContainer.h">
      <Filter>Source Files\TUIO</Filter>
    </ClInclude>
    <ClInclude Include="..\src\tuio\TuioCursor.h">
      <Filter>Source Files\TUIO</Filter>
    </ClInclude>
    <ClInclude Include="..\src\tuio\TuioListener.h">
      <Filter>Source Files\TUIO</Filter>
    </ClInclude>
    <ClInclude Include="..\src\tuio\TuioPoint.h">
      <Filter>Source Files\TUIO</Filter>
    </ClInclude>
    <ClInclude Include="..\src\tuio\TuioServer.h">
      <Filter>Source Files\TUIO</Filter>
    </ClInclude>
    <ClInclude Include="..\src\tuio\TuioSharedMemServer.h">
      <Filter>Source Files\TUIO</Filter>
    </ClInclude>
    <ClInclude Include="..\src\tuio\TuioTime.h">
      <Filter>Source Files\TUIO</Filter>
    </ClInclude>
    <ClInclude Include="..\src\tuio\TuioUdpServer.h">
      <Filter>Source Files\TUIO</Filter>
    </ClInclude>
  </ItemGroup>
</Project>